
Microsoft Visual Studio Solution File, Format Version 12.00
# Visual Studio 15
VisualStudioVersion = 15.0.27130.2020
MinimumVisualStudioVersion = 10.0.40219.1
Project("{FAE04EC0-301F-11D3-BF4B-00C04F79EFBC}") = "VSG.Translator", "VSG.Translator\VSG.Translator.csproj", "{8CCC4AA4-A5F9-48E9-BFEC-D5C6D4720569}"
EndProject
Project("{FAE04EC0-301F-11D3-BF4B-00C04F79EFBC}") = "VSG.Assembler", "VSG.Assembler\VSG.Assembler.csproj", "{47261F1D-E759-4BD2-B388-6BD75BA38CF4}"
EndProject
Project("{FAE04EC0-301F-11D3-BF4B-00C04F79EFBC}") = "VSG.ViewModel", "VSG.ViewModel\VSG.ViewModel.csproj", "{52FCBCBF-5D3A-4E36-AE45-BBAE56092293}"
EndProject
Project("{FAE04EC0-301F-11D3-BF4B-00C04F79EFBC}") = "VSG.App", "VSG.App\VSG.App.csproj", "{2E05EF66-CD8A-416D-9D8D-90D3C9C1755C}"
EndProject
Project("{FAE04EC0-301F-11D3-BF4B-00C04F79EFBC}") = "VSG.Bootstrapper", "VSG.Bootstrapper\VSG.Bootstrapper.csproj", "{9C27E8A7-D168-4534-B8B4-A4E14FC63307}"
EndProject
Global
	GlobalSection(SolutionConfigurationPlatforms) = preSolution
		Debug|Any CPU = Debug|Any CPU
		Release|Any CPU = Release|Any CPU
	EndGlobalSection
	GlobalSection(ProjectConfigurationPlatforms) = postSolution
		{8CCC4AA4-A5F9-48E9-BFEC-D5C6D4720569}.Debug|Any CPU.ActiveCfg = Debug|Any CPU
		{8CCC4AA4-A5F9-48E9-BFEC-D5C6D4720569}.Debug|Any CPU.Build.0 = Debug|Any CPU
		{8CCC4AA4-A5F9-48E9-BFEC-D5C6D4720569}.Release|Any CPU.ActiveCfg = Release|Any CPU
		{8CCC4AA4-A5F9-48E9-BFEC-D5C6D4720569}.Release|Any CPU.Build.0 = Release|Any CPU
		{47261F1D-E759-4BD2-B388-6BD75BA38CF4}.Debug|Any CPU.ActiveCfg = Debug|Any CPU
		{47261F1D-E759-4BD2-B388-6BD75BA38CF4}.Debug|Any CPU.Build.0 = Debug|Any CPU
		{47261F1D-E759-4BD2-B388-6BD75BA38CF4}.Release|Any CPU.ActiveCfg = Release|Any CPU
		{47261F1D-E759-4BD2-B388-6BD75BA38CF4}.Release|Any CPU.Build.0 = Release|Any CPU
		{52FCBCBF-5D3A-4E36-AE45-BBAE56092293}.Debug|Any CPU.ActiveCfg = Debug|Any CPU
		{52FCBCBF-5D3A-4E36-AE45-BBAE56092293}.Debug|Any CPU.Build.0 = Debug|Any CPU
		{52FCBCBF-5D3A-4E36-AE45-BBAE56092293}.Release|Any CPU.ActiveCfg = Release|Any CPU
		{52FCBCBF-5D3A-4E36-AE45-BBAE56092293}.Release|Any CPU.Build.0 = Release|Any CPU
		{2E05EF66-CD8A-416D-9D8D-90D3C9C1755C}.Debug|Any CPU.ActiveCfg = Debug|Any CPU
		{2E05EF66-CD8A-416D-9D8D-90D3C9C1755C}.Debug|Any CPU.Build.0 = Debug|Any CPU
		{2E05EF66-CD8A-416D-9D8D-90D3C9C1755C}.Release|Any CPU.ActiveCfg = Release|Any CPU
		{2E05EF66-CD8A-416D-9D8D-90D3C9C1755C}.Release|Any CPU.Build.0 = Release|Any CPU
		{9C27E8A7-D168-4534-B8B4-A4E14FC63307}.Debug|Any CPU.ActiveCfg = Debug|Any CPU
		{9C27E8A7-D168-4534-B8B4-A4E14FC63307}.Debug|Any CPU.Build.0 = Debug|Any CPU
		{9C27E8A7-D168-4534-B8B4-A4E14FC63307}.Release|Any CPU.ActiveCfg = Release|Any CPU
		{9C27E8A7-D168-4534-B8B4-A4E14FC63307}.Release|Any CPU.Build.0 = Release|Any CPU
	EndGlobalSection
	GlobalSection(SolutionProperties) = preSolution
		HideSolutionNode = FALSE
	EndGlobalSection
	GlobalSection(ExtensibilityGlobals) = postSolution
		SolutionGuid = {3711A377-E689-412D-8776-32B9556BD9ED}
	EndGlobalSection
EndGlobal
